
Microsoft Visual Studio Solution File, Format Version 12.00
# Visual Studio Version 16
VisualStudioVersion = 16.0.31729.503
MinimumVisualStudioVersion = 10.0.40219.1
Project("{8BC9CEB8-8B4A-11D0-8D11-00A0C91BC942}") = "1nginx-fork-setsid-signal", "1nginx-fork-setsid-signal\1nginx-fork-setsid-signal.vcxproj", "{579EC719-150F-452D-B720-483AEC7BE5E1}"
EndProject
Project("{8BC9CEB8-8B4A-11D0-8D11-00A0C91BC942}") = "gernaltest", "gernaltest\gernaltest.vcxproj", "{9F752B7F-80AA-4C99-B5FF-30906C08E41B}"
EndProject
Project("{8BC9CEB8-8B4A-11D0-8D11-00A0C91BC942}") = "nginx-signal-catch", "nginx-signal-catch\nginx-signal-catch.vcxproj", "{3055D95B-94AD-463A-9ED8-58C3B9B5A206}"
EndProject
Project("{8BC9CEB8-8B4A-11D0-8D11-00A0C91BC942}") = "nginx-Signal-set-proc", "nginx-Signal-set-proc\nginx-Signal-set-proc.vcxproj", "{7B67BA71-C585-432E-8495-F1E44E8F1DD9}"
EndProject
Project("{8BC9CEB8-8B4A-11D0-8D11-00A0C91BC942}") = "daemon", "daemon\daemon.vcxproj", "{575536EA-7350-4D05-B50A-8283D3612B71}"
EndProject
Project("{8BC9CEB8-8B4A-11D0-8D11-00A0C91BC942}") = "zombie process", "zombie process\zombie process.vcxproj", "{E42549AE-8AD4-4BF2-95B4-61C7A4878B46}"
EndProject
Project("{8BC9CEB8-8B4A-11D0-8D11-00A0C91BC942}") = "kernel and user mode switchover", "kernel and user mode switchover\kernel and user mode switchover.vcxproj", "{1243C7DB-0585-4E0D-B433-3D4CE09879DC}"
EndProject
Global
	GlobalSection(SolutionConfigurationPlatforms) = preSolution
		Debug|ARM = Debug|ARM
		Debug|ARM64 = Debug|ARM64
		Debug|x64 = Debug|x64
		Debug|x86 = Debug|x86
		Release|ARM = Release|ARM
		Release|ARM64 = Release|ARM64
		Release|x64 = Release|x64
		Release|x86 = Release|x86
	EndGlobalSection
	GlobalSection(ProjectConfigurationPlatforms) = postSolution
		{579EC719-150F-452D-B720-483AEC7BE5E1}.Debug|ARM.ActiveCfg = Debug|ARM
		{579EC719-150F-452D-B720-483AEC7BE5E1}.Debug|ARM.Build.0 = Debug|ARM
		{579EC719-150F-452D-B720-483AEC7BE5E1}.Debug|ARM.Deploy.0 = Debug|ARM
		{579EC719-150F-452D-B720-483AEC7BE5E1}.Debug|ARM64.ActiveCfg = Debug|ARM64
		{579EC719-150F-452D-B720-483AEC7BE5E1}.Debug|ARM64.Build.0 = Debug|ARM64
		{579EC719-150F-452D-B720-483AEC7BE5E1}.Debug|ARM64.Deploy.0 = Debug|ARM64
		{579EC719-150F-452D-B720-483AEC7BE5E1}.Debug|x64.ActiveCfg = Debug|x64
		{579EC719-150F-452D-B720-483AEC7BE5E1}.Debug|x64.Build.0 = Debug|x64
		{579EC719-150F-452D-B720-483AEC7BE5E1}.Debug|x64.Deploy.0 = Debug|x64
		{579EC719-150F-452D-B720-483AEC7BE5E1}.Debug|x86.ActiveCfg = Debug|x86
		{579EC719-150F-452D-B720-483AEC7BE5E1}.Debug|x86.Build.0 = Debug|x86
		{579EC719-150F-452D-B720-483AEC7BE5E1}.Debug|x86.Deploy.0 = Debug|x86
		{579EC719-150F-452D-B720-483AEC7BE5E1}.Release|ARM.ActiveCfg = Release|ARM
		{579EC719-150F-452D-B720-483AEC7BE5E1}.Release|ARM.Build.0 = Release|ARM
		{579EC719-150F-452D-B720-483AEC7BE5E1}.Release|ARM.Deploy.0 = Release|ARM
		{579EC719-150F-452D-B720-483AEC7BE5E1}.Release|ARM64.ActiveCfg = Release|ARM64
		{579EC719-150F-452D-B720-483AEC7BE5E1}.Release|ARM64.Build.0 = Release|ARM64
		{579EC719-150F-452D-B720-483AEC7BE5E1}.Release|ARM64.Deploy.0 = Release|ARM64
		{579EC719-150F-452D-B720-483AEC7BE5E1}.Release|x64.ActiveCfg = Release|x64
		{579EC719-150F-452D-B720-483AEC7BE5E1}.Release|x64.Build.0 = Release|x64
		{579EC719-150F-452D-B720-483AEC7BE5E1}.Release|x64.Deploy.0 = Release|x64
		{579EC719-150F-452D-B720-483AEC7BE5E1}.Release|x86.ActiveCfg = Release|x86
		{579EC719-150F-452D-B720-483AEC7BE5E1}.Release|x86.Build.0 = Release|x86
		{579EC719-150F-452D-B720-483AEC7BE5E1}.Release|x86.Deploy.0 = Release|x86
		{9F752B7F-80AA-4C99-B5FF-30906C08E41B}.Debug|ARM.ActiveCfg = Debug|ARM
		{9F752B7F-80AA-4C99-B5FF-30906C08E41B}.Debug|ARM.Build.0 = Debug|ARM
		{9F752B7F-80AA-4C99-B5FF-30906C08E41B}.Debug|ARM.Deploy.0 = Debug|ARM
		{9F752B7F-80AA-4C99-B5FF-30906C08E41B}.Debug|ARM64.ActiveCfg = Debug|ARM64
		{9F752B7F-80AA-4C99-B5FF-30906C08E41B}.Debug|ARM64.Build.0 = Debug|ARM64
		{9F752B7F-80AA-4C99-B5FF-30906C08E41B}.Debug|ARM64.Deploy.0 = Debug|ARM64
		{9F752B7F-80AA-4C99-B5FF-30906C08E41B}.Debug|x64.ActiveCfg = Debug|x64
		{9F752B7F-80AA-4C99-B5FF-30906C08E41B}.Debug|x64.Build.0 = Debug|x64
		{9F752B7F-80AA-4C99-B5FF-30906C08E41B}.Debug|x64.Deploy.0 = Debug|x64
		{9F752B7F-80AA-4C99-B5FF-30906C08E41B}.Debug|x86.ActiveCfg = Debug|x86
		{9F752B7F-80AA-4C99-B5FF-30906C08E41B}.Debug|x86.Build.0 = Debug|x86
		{9F752B7F-80AA-4C99-B5FF-30906C08E41B}.Debug|x86.Deploy.0 = Debug|x86
		{9F752B7F-80AA-4C99-B5FF-30906C08E41B}.Release|ARM.ActiveCfg = Release|ARM
		{9F752B7F-80AA-4C99-B5FF-30906C08E41B}.Release|ARM.Build.0 = Release|ARM
		{9F752B7F-80AA-4C99-B5FF-30906C08E41B}.Release|ARM.Deploy.0 = Release|ARM
		{9F752B7F-80AA-4C99-B5FF-30906C08E41B}.Release|ARM64.ActiveCfg = Release|ARM64
		{9F752B7F-80AA-4C99-B5FF-30906C08E41B}.Release|ARM64.Build.0 = Release|ARM64
		{9F752B7F-80AA-4C99-B5FF-30906C08E41B}.Release|ARM64.Deploy.0 = Release|ARM64
		{9F752B7F-80AA-4C99-B5FF-30906C08E41B}.Release|x64.ActiveCfg = Release|x64
		{9F752B7F-80AA-4C99-B5FF-30906C08E41B}.Release|x64.Build.0 = Release|x64
		{9F752B7F-80AA-4C99-B5FF-30906C08E41B}.Release|x64.Deploy.0 = Release|x64
		{9F752B7F-80AA-4C99-B5FF-30906C08E41B}.Release|x86.ActiveCfg = Release|x86
		{9F752B7F-80AA-4C99-B5FF-30906C08E41B}.Release|x86.Build.0 = Release|x86
		{9F752B7F-80AA-4C99-B5FF-30906C08E41B}.Release|x86.Deploy.0 = Release|x86
		{3055D95B-94AD-463A-9ED8-58C3B9B5A206}.Debug|ARM.ActiveCfg = Debug|ARM
		{3055D95B-94AD-463A-9ED8-58C3B9B5A206}.Debug|ARM.Build.0 = Debug|ARM
		{3055D95B-94AD-463A-9ED8-58C3B9B5A206}.Debug|ARM.Deploy.0 = Debug|ARM
		{3055D95B-94AD-463A-9ED8-58C3B9B5A206}.Debug|ARM64.ActiveCfg = Debug|ARM64
		{3055D95B-94AD-463A-9ED8-58C3B9B5A206}.Debug|ARM64.Build.0 = Debug|ARM64
		{3055D95B-94AD-463A-9ED8-58C3B9B5A206}.Debug|ARM64.Deploy.0 = Debug|ARM64
		{3055D95B-94AD-463A-9ED8-58C3B9B5A206}.Debug|x64.ActiveCfg = Debug|x64
		{3055D95B-94AD-463A-9ED8-58C3B9B5A206}.Debug|x64.Build.0 = Debug|x64
		{3055D95B-94AD-463A-9ED8-58C3B9B5A206}.Debug|x64.Deploy.0 = Debug|x64
		{3055D95B-94AD-463A-9ED8-58C3B9B5A206}.Debug|x86.ActiveCfg = Debug|x86
		{3055D95B-94AD-463A-9ED8-58C3B9B5A206}.Debug|x86.Build.0 = Debug|x86
		{3055D95B-94AD-463A-9ED8-58C3B9B5A206}.Debug|x86.Deploy.0 = Debug|x86
		{3055D95B-94AD-463A-9ED8-58C3B9B5A206}.Release|ARM.ActiveCfg = Release|ARM
		{3055D95B-94AD-463A-9ED8-58C3B9B5A206}.Release|ARM.Build.0 = Release|ARM
		{3055D95B-94AD-463A-9ED8-58C3B9B5A206}.Release|ARM.Deploy.0 = Release|ARM
		{3055D95B-94AD-463A-9ED8-58C3B9B5A206}.Release|ARM64.ActiveCfg = Release|ARM64
		{3055D95B-94AD-463A-9ED8-58C3B9B5A206}.Release|ARM64.Build.0 = Release|ARM64
		{3055D95B-94AD-463A-9ED8-58C3B9B5A206}.Release|ARM64.Deploy.0 = Release|ARM64
		{3055D95B-94AD-463A-9ED8-58C3B9B5A206}.Release|x64.ActiveCfg = Release|x64
		{3055D95B-94AD-463A-9ED8-58C3B9B5A206}.Release|x64.Build.0 = Release|x64
		{3055D95B-94AD-463A-9ED8-58C3B9B5A206}.Release|x64.Deploy.0 = Release|x64
		{3055D95B-94AD-463A-9ED8-58C3B9B5A206}.Release|x86.ActiveCfg = Release|x86
		{3055D95B-94AD-463A-9ED8-58C3B9B5A206}.Release|x86.Build.0 = Release|x86
		{3055D95B-94AD-463A-9ED8-58C3B9B5A206}.Release|x86.Deploy.0 = Release|x86
		{7B67BA71-C585-432E-8495-F1E44E8F1DD9}.Debug|ARM.ActiveCfg = Debug|ARM
		{7B67BA71-C585-432E-8495-F1E44E8F1DD9}.Debug|ARM.Build.0 = Debug|ARM
		{7B67BA71-C585-432E-8495-F1E44E8F1DD9}.Debug|ARM.Deploy.0 = Debug|ARM
		{7B67BA71-C585-432E-8495-F1E44E8F1DD9}.Debug|ARM64.ActiveCfg = Debug|ARM64
		{7B67BA71-C585-432E-8495-F1E44E8F1DD9}.Debug|ARM64.Build.0 = Debug|ARM64
		{7B67BA71-C585-432E-8495-F1E44E8F1DD9}.Debug|ARM64.Deploy.0 = Debug|ARM64
		{7B67BA71-C585-432E-8495-F1E44E8F1DD9}.Debug|x64.ActiveCfg = Debug|x64
		{7B67BA71-C585-432E-8495-F1E44E8F1DD9}.Debug|x64.Build.0 = Debug|x64
		{7B67BA71-C585-432E-8495-F1E44E8F1DD9}.Debug|x64.Deploy.0 = Debug|x64
		{7B67BA71-C585-432E-8495-F1E44E8F1DD9}.Debug|x86.ActiveCfg = Debug|x86
		{7B67BA71-C585-432E-8495-F1E44E8F1DD9}.Debug|x86.Build.0 = Debug|x86
		{7B67BA71-C585-432E-8495-F1E44E8F1DD9}.Debug|x86.Deploy.0 = Debug|x86
		{7B67BA71-C585-432E-8495-F1E44E8F1DD9}.Release|ARM.ActiveCfg = Release|ARM
		{7B67BA71-C585-432E-8495-F1E44E8F1DD9}.Release|ARM.Build.0 = Release|ARM
		{7B67BA71-C585-432E-8495-F1E44E8F1DD9}.Release|ARM.Deploy.0 = Release|ARM
		{7B67BA71-C585-432E-8495-F1E44E8F1DD9}.Release|ARM64.ActiveCfg = Release|ARM64
		{7B67BA71-C585-432E-8495-F1E44E8F1DD9}.Release|ARM64.Build.0 = Release|ARM64
		{7B67BA71-C585-432E-8495-F1E44E8F1DD9}.Release|ARM64.Deploy.0 = Release|ARM64
		{7B67BA71-C585-432E-8495-F1E44E8F1DD9}.Release|x64.ActiveCfg = Release|x64
		{7B67BA71-C585-432E-8495-F1E44E8F1DD9}.Release|x64.Build.0 = Release|x64
		{7B67BA71-C585-432E-8495-F1E44E8F1DD9}.Release|x64.Deploy.0 = Release|x64
		{7B67BA71-C585-432E-8495-F1E44E8F1DD9}.Release|x86.ActiveCfg = Release|x86
		{7B67BA71-C585-432E-8495-F1E44E8F1DD9}.Release|x86.Build.0 = Release|x86
		{7B67BA71-C585-432E-8495-F1E44E8F1DD9}.Release|x86.Deploy.0 = Release|x86
		{575536EA-7350-4D05-B50A-8283D3612B71}.Debug|ARM.ActiveCfg = Debug|ARM
		{575536EA-7350-4D05-B50A-8283D3612B71}.Debug|ARM.Build.0 = Debug|ARM
		{575536EA-7350-4D05-B50A-8283D3612B71}.Debug|ARM.Deploy.0 = Debug|ARM
		{575536EA-7350-4D05-B50A-8283D3612B71}.Debug|ARM64.ActiveCfg = Debug|ARM64
		{575536EA-7350-4D05-B50A-8283D3612B71}.Debug|ARM64.Build.0 = Debug|ARM64
		{575536EA-7350-4D05-B50A-8283D3612B71}.Debug|ARM64.Deploy.0 = Debug|ARM64
		{575536EA-7350-4D05-B50A-8283D3612B71}.Debug|x64.ActiveCfg = Debug|x64
		{575536EA-7350-4D05-B50A-8283D3612B71}.Debug|x64.Build.0 = Debug|x64
		{575536EA-7350-4D05-B50A-8283D3612B71}.Debug|x64.Deploy.0 = Debug|x64
		{575536EA-7350-4D05-B50A-8283D3612B71}.Debug|x86.ActiveCfg = Debug|x86
		{575536EA-7350-4D05-B50A-8283D3612B71}.Debug|x86.Build.0 = Debug|x86
		{575536EA-7350-4D05-B50A-8283D3612B71}.Debug|x86.Deploy.0 = Debug|x86
		{575536EA-7350-4D05-B50A-8283D3612B71}.Release|ARM.ActiveCfg = Release|ARM
		{575536EA-7350-4D05-B50A-8283D3612B71}.Release|ARM.Build.0 = Release|ARM
		{575536EA-7350-4D05-B50A-8283D3612B71}.Release|ARM.Deploy.0 = Release|ARM
		{575536EA-7350-4D05-B50A-8283D3612B71}.Release|ARM64.ActiveCfg = Release|ARM64
		{575536EA-7350-4D05-B50A-8283D3612B71}.Release|ARM64.Build.0 = Release|ARM64
		{575536EA-7350-4D05-B50A-8283D3612B71}.Release|ARM64.Deploy.0 = Release|ARM64
		{575536EA-7350-4D05-B50A-8283D3612B71}.Release|x64.ActiveCfg = Release|x64
		{575536EA-7350-4D05-B50A-8283D3612B71}.Release|x64.Build.0 = Release|x64
		{575536EA-7350-4D05-B50A-8283D3612B71}.Release|x64.Deploy.0 = Release|x64
		{575536EA-7350-4D05-B50A-8283D3612B71}.Release|x86.ActiveCfg = Release|x86
		{575536EA-7350-4D05-B50A-8283D3612B71}.Release|x86.Build.0 = Release|x86
		{575536EA-7350-4D05-B50A-8283D3612B71}.Release|x86.Deploy.0 = Release|x86
		{E42549AE-8AD4-4BF2-95B4-61C7A4878B46}.Debug|ARM.ActiveCfg = Debug|ARM
		{E42549AE-8AD4-4BF2-95B4-61C7A4878B46}.Debug|ARM.Build.0 = Debug|ARM
		{E42549AE-8AD4-4BF2-95B4-61C7A4878B46}.Debug|ARM.Deploy.0 = Debug|ARM
		{E42549AE-8AD4-4BF2-95B4-61C7A4878B46}.Debug|ARM64.ActiveCfg = Debug|ARM64
		{E42549AE-8AD4-4BF2-95B4-61C7A4878B46}.Debug|ARM64.Build.0 = Debug|ARM64
		{E42549AE-8AD4-4BF2-95B4-61C7A4878B46}.Debug|ARM64.Deploy.0 = Debug|ARM64
		{E42549AE-8AD4-4BF2-95B4-61C7A4878B46}.Debug|x64.ActiveCfg = Debug|x64
		{E42549AE-8AD4-4BF2-95B4-61C7A4878B46}.Debug|x64.Build.0 = Debug|x64
		{E42549AE-8AD4-4BF2-95B4-61C7A4878B46}.Debug|x64.Deploy.0 = Debug|x64
		{E42549AE-8AD4-4BF2-95B4-61C7A4878B46}.Debug|x86.ActiveCfg = Debug|x86
		{E42549AE-8AD4-4BF2-95B4-61C7A4878B46}.Debug|x86.Build.0 = Debug|x86
		{E42549AE-8AD4-4BF2-95B4-61C7A4878B46}.Debug|x86.Deploy.0 = Debug|x86
		{E42549AE-8AD4-4BF2-95B4-61C7A4878B46}.Release|ARM.ActiveCfg = Release|ARM
		{E42549AE-8AD4-4BF2-95B4-61C7A4878B46}.Release|ARM.Build.0 = Release|ARM
		{E42549AE-8AD4-4BF2-95B4-61C7A4878B46}.Release|ARM.Deploy.0 = Release|ARM
		{E42549AE-8AD4-4BF2-95B4-61C7A4878B46}.Release|ARM64.ActiveCfg = Release|ARM64
		{E42549AE-8AD4-4BF2-95B4-61C7A4878B46}.Release|ARM64.Build.0 = Release|ARM64
		{E42549AE-8AD4-4BF2-95B4-61C7A4878B46}.Release|ARM64.Deploy.0 = Release|ARM64
		{E42549AE-8AD4-4BF2-95B4-61C7A4878B46}.Release|x64.ActiveCfg = Release|x64
		{E42549AE-8AD4-4BF2-95B4-61C7A4878B46}.Release|x64.Build.0 = Release|x64
		{E42549AE-8AD4-4BF2-95B4-61C7A4878B46}.Release|x64.Deploy.0 = Release|x64
		{E42549AE-8AD4-4BF2-95B4-61C7A4878B46}.Release|x86.ActiveCfg = Release|x86
		{E42549AE-8AD4-4BF2-95B4-61C7A4878B46}.Release|x86.Build.0 = Release|x86
		{E42549AE-8AD4-4BF2-95B4-61C7A4878B46}.Release|x86.Deploy.0 = Release|x86
		{1243C7DB-0585-4E0D-B433-3D4CE09879DC}.Debug|ARM.ActiveCfg = Debug|ARM
		{1243C7DB-0585-4E0D-B433-3D4CE09879DC}.Debug|ARM.Build.0 = Debug|ARM
		{1243C7DB-0585-4E0D-B433-3D4CE09879DC}.Debug|ARM.Deploy.0 = Debug|ARM
		{1243C7DB-0585-4E0D-B433-3D4CE09879DC}.Debug|ARM64.ActiveCfg = Debug|ARM64
		{1243C7DB-0585-4E0D-B433-3D4CE09879DC}.Debug|ARM64.Build.0 = Debug|ARM64
		{1243C7DB-0585-4E0D-B433-3D4CE09879DC}.Debug|ARM64.Deploy.0 = Debug|ARM64
		{1243C7DB-0585-4E0D-B433-3D4CE09879DC}.Debug|x64.ActiveCfg = Debug|x64
		{1243C7DB-0585-4E0D-B433-3D4CE09879DC}.Debug|x64.Build.0 = Debug|x64
		{1243C7DB-0585-4E0D-B433-3D4CE09879DC}.Debug|x64.Deploy.0 = Debug|x64
		{1243C7DB-0585-4E0D-B433-3D4CE09879DC}.Debug|x86.ActiveCfg = Debug|x86
		{1243C7DB-0585-4E0D-B433-3D4CE09879DC}.Debug|x86.Build.0 = Debug|x86
		{1243C7DB-0585-4E0D-B433-3D4CE09879DC}.Debug|x86.Deploy.0 = Debug|x86
		{1243C7DB-0585-4E0D-B433-3D4CE09879DC}.Release|ARM.ActiveCfg = Release|ARM
		{1243C7DB-0585-4E0D-B433-3D4CE09879DC}.Release|ARM.Build.0 = Release|ARM
		{1243C7DB-0585-4E0D-B433-3D4CE09879DC}.Release|ARM.Deploy.0 = Release|ARM
		{1243C7DB-0585-4E0D-B433-3D4CE09879DC}.Release|ARM64.ActiveCfg = Release|ARM64
		{1243C7DB-0585-4E0D-B433-3D4CE09879DC}.Release|ARM64.Build.0 = Release|ARM64
		{1243C7DB-0585-4E0D-B433-3D4CE09879DC}.Release|ARM64.Deploy.0 = Release|ARM64
		{1243C7DB-0585-4E0D-B433-3D4CE09879DC}.Release|x64.ActiveCfg = Release|x64
		{1243C7DB-0585-4E0D-B433-3D4CE09879DC}.Release|x64.Build.0 = Release|x64
		{1243C7DB-0585-4E0D-B433-3D4CE09879DC}.Release|x64.Deploy.0 = Release|x64
		{1243C7DB-0585-4E0D-B433-3D4CE09879DC}.Release|x86.ActiveCfg = Release|x86
		{1243C7DB-0585-4E0D-B433-3D4CE09879DC}.Release|x86.Build.0 = Release|x86
		{1243C7DB-0585-4E0D-B433-3D4CE09879DC}.Release|x86.Deploy.0 = Release|x86
	EndGlobalSection
	GlobalSection(SolutionProperties) = preSolution
		HideSolutionNode = FALSE
	EndGlobalSection
	GlobalSection(ExtensibilityGlobals) = postSolution
		SolutionGuid = {D918A487-201C-4623-AD29-A39899CA39A6}
	EndGlobalSection
EndGlobal
